
Microsoft Visual Studio Solution File, Format Version 12.00
# Visual Studio 2012
Project("{FAE04EC0-301F-11D3-BF4B-00C04F79EFBC}") = "AutoDoc", "AutoDoc\AutoDoc.csproj", "{48AB6E27-05DC-414D-B2E5-8ABC3BB3EA22}"
EndProject
Project("{FAE04EC0-301F-11D3-BF4B-00C04F79EFBC}") = "AutoDoc.Tests", "AutoDoc.Tests\AutoDoc.Tests.csproj", "{FF645F65-DE53-4AF3-B82F-8F45E988B210}"
EndProject
Global
	GlobalSection(SolutionConfigurationPlatforms) = preSolution
		Debug|Any CPU = Debug|Any CPU
		Release|Any CPU = Release|Any CPU
	EndGlobalSection
	GlobalSection(ProjectConfigurationPlatforms) = postSolution
		{48AB6E27-05DC-414D-B2E5-8ABC3BB3EA22}.Debug|Any CPU.ActiveCfg = Debug|Any CPU
		{48AB6E27-05DC-414D-B2E5-8ABC3BB3EA22}.Debug|Any CPU.Build.0 = Debug|Any CPU
		{48AB6E27-05DC-414D-B2E5-8ABC3BB3EA22}.Release|Any CPU.ActiveCfg = Release|Any CPU
		{48AB6E27-05DC-414D-B2E5-8ABC3BB3EA22}.Release|Any CPU.Build.0 = Release|Any CPU
		{FF645F65-DE53-4AF3-B82F-8F45E988B210}.Debug|Any CPU.ActiveCfg = Debug|Any CPU
		{FF645F65-DE53-4AF3-B82F-8F45E988B210}.Debug|Any CPU.Build.0 = Debug|Any CPU
		{FF645F65-DE53-4AF3-B82F-8F45E988B210}.Release|Any CPU.ActiveCfg = Release|Any CPU
		{FF645F65-DE53-4AF3-B82F-8F45E988B210}.Release|Any CPU.Build.0 = Release|Any CPU
	EndGlobalSection
	GlobalSection(SolutionProperties) = preSolution
		HideSolutionNode = FALSE
	EndGlobalSection
EndGlobal
